// !$*UTF8*$!
{
	archiveVersion = 1;
	classes = {
	};
	objectVersion = 55;
	objects = {

/* Begin PBXBuildFile section */
		AB2735B72709FD890040981A /* WebViewSUI.swift in Sources */ = {isa = PBXBuildFile; fileRef = AB2735B62709FD890040981A /* WebViewSUI.swift */; };
		AB2735BA270E153A0040981A /* WebViewModel.swift in Sources */ = {isa = PBXBuildFile; fileRef = AB2735B9270E153A0040981A /* WebViewModel.swift */; };
		AB2735BC270E15580040981A /* WebViewContainer.swift in Sources */ = {isa = PBXBuildFile; fileRef = AB2735BB270E15580040981A /* WebViewContainer.swift */; };
		AB2735BF272D845C0040981A /* AuthResponse.swift in Sources */ = {isa = PBXBuildFile; fileRef = AB2735BE272D845C0040981A /* AuthResponse.swift */; };
		AB2735C1272DB6530040981A /* GlobalVariables.swift in Sources */ = {isa = PBXBuildFile; fileRef = AB2735C0272DB6530040981A /* GlobalVariables.swift */; };
		AB2735C32730588A0040981A /* APICaller.swift in Sources */ = {isa = PBXBuildFile; fileRef = AB2735C22730588A0040981A /* APICaller.swift */; };
		AB2736402737E7DF0040981A /* SettingModel.swift in Sources */ = {isa = PBXBuildFile; fileRef = AB27363F2737E7DF0040981A /* SettingModel.swift */; };
		AB273643273838760040981A /* ActivityIndicator.swift in Sources */ = {isa = PBXBuildFile; fileRef = AB273642273838760040981A /* ActivityIndicator.swift */; };
		AB27364627383DAD0040981A /* SDWebImageSwiftUI in Frameworks */ = {isa = PBXBuildFile; productRef = AB27364527383DAD0040981A /* SDWebImageSwiftUI */; };
		AB273649273840E70040981A /* FirebaseAnalytics in Frameworks */ = {isa = PBXBuildFile; productRef = AB273648273840E70040981A /* FirebaseAnalytics */; };
		AB27364B273840E70040981A /* FirebaseAuth in Frameworks */ = {isa = PBXBuildFile; productRef = AB27364A273840E70040981A /* FirebaseAuth */; };
		AB27364E273841B60040981A /* QGrid in Frameworks */ = {isa = PBXBuildFile; productRef = AB27364D273841B60040981A /* QGrid */; };
		AB3A7470270631D700734F21 /* TabBarViewSUI.swift in Sources */ = {isa = PBXBuildFile; fileRef = AB3A746F270631D700734F21 /* TabBarViewSUI.swift */; };
		AB3A74722706320D00734F21 /* HomeViewSUI.swift in Sources */ = {isa = PBXBuildFile; fileRef = AB3A74712706320D00734F21 /* HomeViewSUI.swift */; };
		AB3A74742706322300734F21 /* SearchViewSUI.swift in Sources */ = {isa = PBXBuildFile; fileRef = AB3A74732706322300734F21 /* SearchViewSUI.swift */; };
		AB3A74762706324800734F21 /* LibraryViewSUI.swift in Sources */ = {isa = PBXBuildFile; fileRef = AB3A74752706324800734F21 /* LibraryViewSUI.swift */; };
		AB3A747A2706327E00734F21 /* AuthViewSUI.swift in Sources */ = {isa = PBXBuildFile; fileRef = AB3A74792706327E00734F21 /* AuthViewSUI.swift */; };
		AB3A747C2706329600734F21 /* WelcomeViewSUI.swift in Sources */ = {isa = PBXBuildFile; fileRef = AB3A747B2706329600734F21 /* WelcomeViewSUI.swift */; };
		AB3A747F2706330300734F21 /* SettingViewSUI.swift in Sources */ = {isa = PBXBuildFile; fileRef = AB3A747E2706330300734F21 /* SettingViewSUI.swift */; };
		AB3A74812706331700734F21 /* ProfileViewSUI.swift in Sources */ = {isa = PBXBuildFile; fileRef = AB3A74802706331700734F21 /* ProfileViewSUI.swift */; };
		AB3A74832706332900734F21 /* PlayerViewSUI.swift in Sources */ = {isa = PBXBuildFile; fileRef = AB3A74822706332900734F21 /* PlayerViewSUI.swift */; };
		AB3A74852706335C00734F21 /* SearchResultSUI.swift in Sources */ = {isa = PBXBuildFile; fileRef = AB3A74842706335C00734F21 /* SearchResultSUI.swift */; };
		AB3A7487270879F800734F21 /* Playlist.swift in Sources */ = {isa = PBXBuildFile; fileRef = AB3A7486270879F800734F21 /* Playlist.swift */; };
		AB3A748927087A0B00734F21 /* AudioTrack.swift in Sources */ = {isa = PBXBuildFile; fileRef = AB3A748827087A0B00734F21 /* AudioTrack.swift */; };
		AB3A748B27087A1F00734F21 /* Artist.swift in Sources */ = {isa = PBXBuildFile; fileRef = AB3A748A27087A1F00734F21 /* Artist.swift */; };
		AB3A748D27087A6500734F21 /* UserProfile.swift in Sources */ = {isa = PBXBuildFile; fileRef = AB3A748C27087A6500734F21 /* UserProfile.swift */; };
		AB3A748F2709E2A700734F21 /* BaseViewSUI.swift in Sources */ = {isa = PBXBuildFile; fileRef = AB3A748E2709E2A700734F21 /* BaseViewSUI.swift */; };
		AB3A74912709EBF500734F21 /* AuthManager.swift in Sources */ = {isa = PBXBuildFile; fileRef = AB3A74902709EBF500734F21 /* AuthManager.swift */; };
		AB3A74932709EC0800734F21 /* NetworkManager.swift in Sources */ = {isa = PBXBuildFile; fileRef = AB3A74922709EC0800734F21 /* NetworkManager.swift */; };
		AB688C13276F32C30090D535 /* NewReleaseResponseModel.swift in Sources */ = {isa = PBXBuildFile; fileRef = AB688C12276F32C30090D535 /* NewReleaseResponseModel.swift */; };
		AB688C15276F33640090D535 /* APIImageModel.swift in Sources */ = {isa = PBXBuildFile; fileRef = AB688C14276F33640090D535 /* APIImageModel.swift */; };
		AB688C17276F52D90090D535 /* MockAPIManager.swift in Sources */ = {isa = PBXBuildFile; fileRef = AB688C16276F52D90090D535 /* MockAPIManager.swift */; };
		AB688C1A276F6A1B0090D535 /* FeaturedPlaylist.json in Resources */ = {isa = PBXBuildFile; fileRef = AB688C19276F6A1B0090D535 /* FeaturedPlaylist.json */; };
		AB688C1C276F6AF40090D535 /* FeaturedPlaylistModel.swift in Sources */ = {isa = PBXBuildFile; fileRef = AB688C1B276F6AF40090D535 /* FeaturedPlaylistModel.swift */; };
		AB688C1E276F6DD70090D535 /* BrowsAPIs.swift in Sources */ = {isa = PBXBuildFile; fileRef = AB688C1D276F6DD70090D535 /* BrowsAPIs.swift */; };
		AB688C22276F9B390090D535 /* RecommendationsGenresResponse.json in Resources */ = {isa = PBXBuildFile; fileRef = AB688C21276F9B390090D535 /* RecommendationsGenresResponse.json */; };
		AB688C24276F9B880090D535 /* RecommendationsGenresModel.swift in Sources */ = {isa = PBXBuildFile; fileRef = AB688C23276F9B880090D535 /* RecommendationsGenresModel.swift */; };
		AB688C26276FA09A0090D535 /* RecommendationsResponse.json in Resources */ = {isa = PBXBuildFile; fileRef = AB688C25276FA09A0090D535 /* RecommendationsResponse.json */; };
		AB688C28276FA3F80090D535 /* RecommendationsModel.swift in Sources */ = {isa = PBXBuildFile; fileRef = AB688C27276FA3F80090D535 /* RecommendationsModel.swift */; };
		AB688C2A276FAA4F0090D535 /* NewReleaseResponse.json in Resources */ = {isa = PBXBuildFile; fileRef = AB688C29276FAA4F0090D535 /* NewReleaseResponse.json */; };
		AB688C2D276FB0390090D535 /* NewReleasesSUI.swift in Sources */ = {isa = PBXBuildFile; fileRef = AB688C2C276FB0390090D535 /* NewReleasesSUI.swift */; };
		AB688C2F276FB0490090D535 /* FeaturedPlaylistSUI.swift in Sources */ = {isa = PBXBuildFile; fileRef = AB688C2E276FB0490090D535 /* FeaturedPlaylistSUI.swift */; };
		AB688C31276FB0540090D535 /* RecommendationsTracksSUI.swift in Sources */ = {isa = PBXBuildFile; fileRef = AB688C30276FB0540090D535 /* RecommendationsTracksSUI.swift */; };
		AB688C34276FB0CF0090D535 /* StringConstants.swift in Sources */ = {isa = PBXBuildFile; fileRef = AB688C33276FB0CF0090D535 /* StringConstants.swift */; };
		AB688C37277047BD0090D535 /* ObservableNewReleaseModel.swift in Sources */ = {isa = PBXBuildFile; fileRef = AB688C36277047BD0090D535 /* ObservableNewReleaseModel.swift */; };
		AB688C3927709B850090D535 /* ObservableFeaturedPlaylistModel.swift in Sources */ = {isa = PBXBuildFile; fileRef = AB688C3827709B850090D535 /* ObservableFeaturedPlaylistModel.swift */; };
		AB688C3B27709EDB0090D535 /* ObservableRecommendationsTracks.swift in Sources */ = {isa = PBXBuildFile; fileRef = AB688C3A27709EDB0090D535 /* ObservableRecommendationsTracks.swift */; };
		AB688C3E2770A70E0090D535 /* SDWebImageManager.swift in Sources */ = {isa = PBXBuildFile; fileRef = AB688C3D2770A70E0090D535 /* SDWebImageManager.swift */; };
		AB688C402770AC5B0090D535 /* NewReleaseAlbumInfoView.swift in Sources */ = {isa = PBXBuildFile; fileRef = AB688C3F2770AC5B0090D535 /* NewReleaseAlbumInfoView.swift */; };
		AB688C4227719E6B0090D535 /* SectionHeaderWithButtonView.swift in Sources */ = {isa = PBXBuildFile; fileRef = AB688C4127719E6B0090D535 /* SectionHeaderWithButtonView.swift */; };
		AB688C442771A4E50090D535 /* DefaultValues.swift in Sources */ = {isa = PBXBuildFile; fileRef = AB688C432771A4E50090D535 /* DefaultValues.swift */; };
		AB688C462771A64A0090D535 /* NewReleasesViewAllSUI.swift in Sources */ = {isa = PBXBuildFile; fileRef = AB688C452771A64A0090D535 /* NewReleasesViewAllSUI.swift */; };
		AB688C4B2771AE910090D535 /* FeaturedPlayListInfoView.swift in Sources */ = {isa = PBXBuildFile; fileRef = AB688C4A2771AE910090D535 /* FeaturedPlayListInfoView.swift */; };
		AB688C4D2771AEA30090D535 /* FeaturedPlayListViewAllSUI.swift in Sources */ = {isa = PBXBuildFile; fileRef = AB688C4C2771AEA30090D535 /* FeaturedPlayListViewAllSUI.swift */; };
		AB688C4F2771B2720090D535 /* RecommendationsTracksViewAllSUI.swift in Sources */ = {isa = PBXBuildFile; fileRef = AB688C4E2771B2720090D535 /* RecommendationsTracksViewAllSUI.swift */; };
		AB688C512771B27A0090D535 /* RecommendationsTracksInfoView.swift in Sources */ = {isa = PBXBuildFile; fileRef = AB688C502771B27A0090D535 /* RecommendationsTracksInfoView.swift */; };
		AB688C532771C0D30090D535 /* CustomText.swift in Sources */ = {isa = PBXBuildFile; fileRef = AB688C522771C0D30090D535 /* CustomText.swift */; };
		AB6DDDD12706203E00574713 /* SpotifySwiftUIApp.swift in Sources */ = {isa = PBXBuildFile; fileRef = AB6DDDD02706203E00574713 /* SpotifySwiftUIApp.swift */; };
		AB6DDDD32706203E00574713 /* ContentView.swift in Sources */ = {isa = PBXBuildFile; fileRef = AB6DDDD22706203E00574713 /* ContentView.swift */; };
		AB6DDDD52706203F00574713 /* Assets.xcassets in Resources */ = {isa = PBXBuildFile; fileRef = AB6DDDD42706203F00574713 /* Assets.xcassets */; };
		AB6DDDD82706203F00574713 /* Preview Assets.xcassets in Resources */ = {isa = PBXBuildFile; fileRef = AB6DDDD72706203F00574713 /* Preview Assets.xcassets */; };
		AB6DDDDA2706203F00574713 /* Persistence.swift in Sources */ = {isa = PBXBuildFile; fileRef = AB6DDDD92706203F00574713 /* Persistence.swift */; };
		AB6DDDDD2706203F00574713 /* SpotifySwiftUI.xcdatamodeld in Sources */ = {isa = PBXBuildFile; fileRef = AB6DDDDB2706203F00574713 /* SpotifySwiftUI.xcdatamodeld */; };
		AB6DDDE72706203F00574713 /* SpotifySwiftUITests.swift in Sources */ = {isa = PBXBuildFile; fileRef = AB6DDDE62706203F00574713 /* SpotifySwiftUITests.swift */; };
		AB6DDDF12706203F00574713 /* SpotifySwiftUIUITests.swift in Sources */ = {isa = PBXBuildFile; fileRef = AB6DDDF02706203F00574713 /* SpotifySwiftUIUITests.swift */; };
		AB6DDDF32706203F00574713 /* SpotifySwiftUIUITestsLaunchTests.swift in Sources */ = {isa = PBXBuildFile; fileRef = AB6DDDF22706203F00574713 /* SpotifySwiftUIUITestsLaunchTests.swift */; };
		ABE8B4582771DFF5004C9CA8 /* AlbumDetails.json in Resources */ = {isa = PBXBuildFile; fileRef = ABE8B4572771DFF5004C9CA8 /* AlbumDetails.json */; };
		ABE8B45B2771E0CA004C9CA8 /* AlbumDetailsSUI.swift in Sources */ = {isa = PBXBuildFile; fileRef = ABE8B45A2771E0CA004C9CA8 /* AlbumDetailsSUI.swift */; };
		ABE8B45D2771E39F004C9CA8 /* AlbumDetailsResponse.swift in Sources */ = {isa = PBXBuildFile; fileRef = ABE8B45C2771E39F004C9CA8 /* AlbumDetailsResponse.swift */; };
		ABE8B4602771EA0A004C9CA8 /* PlaylistsDetailsResponse.swift in Sources */ = {isa = PBXBuildFile; fileRef = ABE8B45F2771EA0A004C9CA8 /* PlaylistsDetailsResponse.swift */; };
		ABE8B4622771EA4B004C9CA8 /* PlaylistsDetailsResponse.json in Resources */ = {isa = PBXBuildFile; fileRef = ABE8B4612771EA4B004C9CA8 /* PlaylistsDetailsResponse.json */; };
		ABE8B4642771EA88004C9CA8 /* PlaylistsDetailsSUI.swift in Sources */ = {isa = PBXBuildFile; fileRef = ABE8B4632771EA88004C9CA8 /* PlaylistsDetailsSUI.swift */; };
		ABE8B46627720EB6004C9CA8 /* ObservablePlaylistDetailsModel.swift in Sources */ = {isa = PBXBuildFile; fileRef = ABE8B46527720EB6004C9CA8 /* ObservablePlaylistDetailsModel.swift */; };
		ABE8B46827720ED3004C9CA8 /* ObservableAlbumDetailsModel.swift in Sources */ = {isa = PBXBuildFile; fileRef = ABE8B46727720ED3004C9CA8 /* ObservableAlbumDetailsModel.swift */; };
		ABE8B46C27721959004C9CA8 /* ImageTitleDescriptionView.swift in Sources */ = {isa = PBXBuildFile; fileRef = ABE8B46B27721959004C9CA8 /* ImageTitleDescriptionView.swift */; };
		ABE8B4752772F887004C9CA8 /* PlaylistHeaderView.swift in Sources */ = {isa = PBXBuildFile; fileRef = ABE8B4742772F887004C9CA8 /* PlaylistHeaderView.swift */; };
		ABE8B47727733F61004C9CA8 /* ActivityView.swift in Sources */ = {isa = PBXBuildFile; fileRef = ABE8B47627733F61004C9CA8 /* ActivityView.swift */; };
		ABE8B479277375BF004C9CA8 /* DateFormatter.swift in Sources */ = {isa = PBXBuildFile; fileRef = ABE8B478277375BE004C9CA8 /* DateFormatter.swift */; };
		ABE8B47C2773762C004C9CA8 /* StringExtension.swift in Sources */ = {isa = PBXBuildFile; fileRef = ABE8B47B2773762C004C9CA8 /* StringExtension.swift */; };
/* End PBXBuildFile section */

/* Begin PBXContainerItemProxy section */
		AB6DDDE32706203F00574713 /* PBXContainerItemProxy */ = {
			isa = PBXContainerItemProxy;
			containerPortal = AB6DDDC52706203E00574713 /* Project object */;
			proxyType = 1;
			remoteGlobalIDString = AB6DDDCC2706203E00574713;
			remoteInfo = SpotifySwiftUI;
		};
		AB6DDDED2706203F00574713 /* PBXContainerItemProxy */ = {
			isa = PBXContainerItemProxy;
			containerPortal = AB6DDDC52706203E00574713 /* Project object */;
			proxyType = 1;
			remoteGlobalIDString = AB6DDDCC2706203E00574713;
			remoteInfo = SpotifySwiftUI;
		};
/* End PBXContainerItemProxy section */

/* Begin PBXFileReference section */
		AB2735B62709FD890040981A /* WebViewSUI.swift */ = {isa = PBXFileReference; lastKnownFileType = sourcecode.swift; path = WebViewSUI.swift; sourceTree = "<group>"; };
		AB2735B9270E153A0040981A /* WebViewModel.swift */ = {isa = PBXFileReference; lastKnownFileType = sourcecode.swift; path = WebViewModel.swift; sourceTree = "<group>"; };
		AB2735BB270E15580040981A /* WebViewContainer.swift */ = {isa = PBXFileReference; lastKnownFileType = sourcecode.swift; path = WebViewContainer.swift; sourceTree = "<group>"; };
		AB2735BE272D845C0040981A /* AuthResponse.swift */ = {isa = PBXFileReference; lastKnownFileType = sourcecode.swift; path = AuthResponse.swift; sourceTree = "<group>"; };
		AB2735C0272DB6530040981A /* GlobalVariables.swift */ = {isa = PBXFileReference; lastKnownFileType = sourcecode.swift; path = GlobalVariables.swift; sourceTree = "<group>"; };
		AB2735C22730588A0040981A /* APICaller.swift */ = {isa = PBXFileReference; lastKnownFileType = sourcecode.swift; path = APICaller.swift; sourceTree = "<group>"; };
		AB27363F2737E7DF0040981A /* SettingModel.swift */ = {isa = PBXFileReference; lastKnownFileType = sourcecode.swift; path = SettingModel.swift; sourceTree = "<group>"; };
		AB273642273838760040981A /* ActivityIndicator.swift */ = {isa = PBXFileReference; lastKnownFileType = sourcecode.swift; path = ActivityIndicator.swift; sourceTree = "<group>"; };
		AB3A746F270631D700734F21 /* TabBarViewSUI.swift */ = {isa = PBXFileReference; lastKnownFileType = sourcecode.swift; path = TabBarViewSUI.swift; sourceTree = "<group>"; };
		AB3A74712706320D00734F21 /* HomeViewSUI.swift */ = {isa = PBXFileReference; lastKnownFileType = sourcecode.swift; path = HomeViewSUI.swift; sourceTree = "<group>"; };
		AB3A74732706322300734F21 /* SearchViewSUI.swift */ = {isa = PBXFileReference; lastKnownFileType = sourcecode.swift; path = SearchViewSUI.swift; sourceTree = "<group>"; };
		AB3A74752706324800734F21 /* LibraryViewSUI.swift */ = {isa = PBXFileReference; lastKnownFileType = sourcecode.swift; path = LibraryViewSUI.swift; sourceTree = "<group>"; };
		AB3A74792706327E00734F21 /* AuthViewSUI.swift */ = {isa = PBXFileReference; lastKnownFileType = sourcecode.swift; path = AuthViewSUI.swift; sourceTree = "<group>"; };
		AB3A747B2706329600734F21 /* WelcomeViewSUI.swift */ = {isa = PBXFileReference; lastKnownFileType = sourcecode.swift; path = WelcomeViewSUI.swift; sourceTree = "<group>"; };
		AB3A747E2706330300734F21 /* SettingViewSUI.swift */ = {isa = PBXFileReference; lastKnownFileType = sourcecode.swift; path = SettingViewSUI.swift; sourceTree = "<group>"; };
		AB3A74802706331700734F21 /* ProfileViewSUI.swift */ = {isa = PBXFileReference; lastKnownFileType = sourcecode.swift; path = ProfileViewSUI.swift; sourceTree = "<group>"; };
		AB3A74822706332900734F21 /* PlayerViewSUI.swift */ = {isa = PBXFileReference; lastKnownFileType = sourcecode.swift; path = PlayerViewSUI.swift; sourceTree = "<group>"; };
		AB3A74842706335C00734F21 /* SearchResultSUI.swift */ = {isa = PBXFileReference; lastKnownFileType = sourcecode.swift; path = SearchResultSUI.swift; sourceTree = "<group>"; };
		AB3A7486270879F800734F21 /* Playlist.swift */ = {isa = PBXFileReference; lastKnownFileType = sourcecode.swift; path = Playlist.swift; sourceTree = "<group>"; };
		AB3A748827087A0B00734F21 /* AudioTrack.swift */ = {isa = PBXFileReference; lastKnownFileType = sourcecode.swift; path = AudioTrack.swift; sourceTree = "<group>"; };
		AB3A748A27087A1F00734F21 /* Artist.swift */ = {isa = PBXFileReference; lastKnownFileType = sourcecode.swift; path = Artist.swift; sourceTree = "<group>"; };
		AB3A748C27087A6500734F21 /* UserProfile.swift */ = {isa = PBXFileReference; lastKnownFileType = sourcecode.swift; path = UserProfile.swift; sourceTree = "<group>"; };
		AB3A748E2709E2A700734F21 /* BaseViewSUI.swift */ = {isa = PBXFileReference; lastKnownFileType = sourcecode.swift; path = BaseViewSUI.swift; sourceTree = "<group>"; };
		AB3A74902709EBF500734F21 /* AuthManager.swift */ = {isa = PBXFileReference; lastKnownFileType = sourcecode.swift; path = AuthManager.swift; sourceTree = "<group>"; };
		AB3A74922709EC0800734F21 /* NetworkManager.swift */ = {isa = PBXFileReference; lastKnownFileType = sourcecode.swift; path = NetworkManager.swift; sourceTree = "<group>"; };
		AB688C12276F32C30090D535 /* NewReleaseResponseModel.swift */ = {isa = PBXFileReference; lastKnownFileType = sourcecode.swift; path = NewReleaseResponseModel.swift; sourceTree = "<group>"; };
		AB688C14276F33640090D535 /* APIImageModel.swift */ = {isa = PBXFileReference; lastKnownFileType = sourcecode.swift; path = APIImageModel.swift; sourceTree = "<group>"; };
		AB688C16276F52D90090D535 /* MockAPIManager.swift */ = {isa = PBXFileReference; lastKnownFileType = sourcecode.swift; path = MockAPIManager.swift; sourceTree = "<group>"; };
		AB688C19276F6A1B0090D535 /* FeaturedPlaylist.json */ = {isa = PBXFileReference; lastKnownFileType = text.json; path = FeaturedPlaylist.json; sourceTree = "<group>"; };
		AB688C1B276F6AF40090D535 /* FeaturedPlaylistModel.swift */ = {isa = PBXFileReference; lastKnownFileType = sourcecode.swift; path = FeaturedPlaylistModel.swift; sourceTree = "<group>"; };
		AB688C1D276F6DD70090D535 /* BrowsAPIs.swift */ = {isa = PBXFileReference; lastKnownFileType = sourcecode.swift; path = BrowsAPIs.swift; sourceTree = "<group>"; };
		AB688C21276F9B390090D535 /* RecommendationsGenresResponse.json */ = {isa = PBXFileReference; lastKnownFileType = text.json; path = RecommendationsGenresResponse.json; sourceTree = "<group>"; };
		AB688C23276F9B880090D535 /* RecommendationsGenresModel.swift */ = {isa = PBXFileReference; lastKnownFileType = sourcecode.swift; path = RecommendationsGenresModel.swift; sourceTree = "<group>"; };
		AB688C25276FA09A0090D535 /* RecommendationsResponse.json */ = {isa = PBXFileReference; lastKnownFileType = text.json; path = RecommendationsResponse.json; sourceTree = "<group>"; };
		AB688C27276FA3F80090D535 /* RecommendationsModel.swift */ = {isa = PBXFileReference; lastKnownFileType = sourcecode.swift; path = RecommendationsModel.swift; sourceTree = "<group>"; };
		AB688C29276FAA4F0090D535 /* NewReleaseResponse.json */ = {isa = PBXFileReference; lastKnownFileType = text.json; path = NewReleaseResponse.json; sourceTree = "<group>"; };
		AB688C2C276FB0390090D535 /* NewReleasesSUI.swift */ = {isa = PBXFileReference; lastKnownFileType = sourcecode.swift; path = NewReleasesSUI.swift; sourceTree = "<group>"; };
		AB688C2E276FB0490090D535 /* FeaturedPlaylistSUI.swift */ = {isa = PBXFileReference; lastKnownFileType = sourcecode.swift; path = FeaturedPlaylistSUI.swift; sourceTree = "<group>"; };
		AB688C30276FB0540090D535 /* RecommendationsTracksSUI.swift */ = {isa = PBXFileReference; lastKnownFileType = sourcecode.swift; path = RecommendationsTracksSUI.swift; sourceTree = "<group>"; };
		AB688C33276FB0CF0090D535 /* StringConstants.swift */ = {isa = PBXFileReference; lastKnownFileType = sourcecode.swift; path = StringConstants.swift; sourceTree = "<group>"; };
		AB688C36277047BD0090D535 /* ObservableNewReleaseModel.swift */ = {isa = PBXFileReference; lastKnownFileType = sourcecode.swift; path = ObservableNewReleaseModel.swift; sourceTree = "<group>"; };
		AB688C3827709B850090D535 /* ObservableFeaturedPlaylistModel.swift */ = {isa = PBXFileReference; lastKnownFileType = sourcecode.swift; path = ObservableFeaturedPlaylistModel.swift; sourceTree = "<group>"; };
		AB688C3A27709EDB0090D535 /* ObservableRecommendationsTracks.swift */ = {isa = PBXFileReference; lastKnownFileType = sourcecode.swift; path = ObservableRecommendationsTracks.swift; sourceTree = "<group>"; };
		AB688C3D2770A70E0090D535 /* SDWebImageManager.swift */ = {isa = PBXFileReference; lastKnownFileType = sourcecode.swift; path = SDWebImageManager.swift; sourceTree = "<group>"; };
		AB688C3F2770AC5B0090D535 /* NewReleaseAlbumInfoView.swift */ = {isa = PBXFileReference; lastKnownFileType = sourcecode.swift; path = NewReleaseAlbumInfoView.swift; sourceTree = "<group>"; };
		AB688C4127719E6B0090D535 /* SectionHeaderWithButtonView.swift */ = {isa = PBXFileReference; lastKnownFileType = sourcecode.swift; path = SectionHeaderWithButtonView.swift; sourceTree = "<group>"; };
		AB688C432771A4E50090D535 /* DefaultValues.swift */ = {isa = PBXFileReference; lastKnownFileType = sourcecode.swift; path = DefaultValues.swift; sourceTree = "<group>"; };
		AB688C452771A64A0090D535 /* NewReleasesViewAllSUI.swift */ = {isa = PBXFileReference; lastKnownFileType = sourcecode.swift; path = NewReleasesViewAllSUI.swift; sourceTree = "<group>"; };
		AB688C4A2771AE910090D535 /* FeaturedPlayListInfoView.swift */ = {isa = PBXFileReference; lastKnownFileType = sourcecode.swift; path = FeaturedPlayListInfoView.swift; sourceTree = "<group>"; };
		AB688C4C2771AEA30090D535 /* FeaturedPlayListViewAllSUI.swift */ = {isa = PBXFileReference; lastKnownFileType = sourcecode.swift; path = FeaturedPlayListViewAllSUI.swift; sourceTree = "<group>"; };
		AB688C4E2771B2720090D535 /* RecommendationsTracksViewAllSUI.swift */ = {isa = PBXFileReference; lastKnownFileType = sourcecode.swift; path = RecommendationsTracksViewAllSUI.swift; sourceTree = "<group>"; };
		AB688C502771B27A0090D535 /* RecommendationsTracksInfoView.swift */ = {isa = PBXFileReference; lastKnownFileType = sourcecode.swift; path = RecommendationsTracksInfoView.swift; sourceTree = "<group>"; };
		AB688C522771C0D30090D535 /* CustomText.swift */ = {isa = PBXFileReference; lastKnownFileType = sourcecode.swift; path = CustomText.swift; sourceTree = "<group>"; };
		AB6DDDCD2706203E00574713 /* SpotifySwiftUI.app */ = {isa = PBXFileReference; explicitFileType = wrapper.application; includeInIndex = 0; path = SpotifySwiftUI.app; sourceTree = BUILT_PRODUCTS_DIR; };
		AB6DDDD02706203E00574713 /* SpotifySwiftUIApp.swift */ = {isa = PBXFileReference; lastKnownFileType = sourcecode.swift; path = SpotifySwiftUIApp.swift; sourceTree = "<group>"; };
		AB6DDDD22706203E00574713 /* ContentView.swift */ = {isa = PBXFileReference; lastKnownFileType = sourcecode.swift; path = ContentView.swift; sourceTree = "<group>"; };
		AB6DDDD42706203F00574713 /* Assets.xcassets */ = {isa = PBXFileReference; lastKnownFileType = folder.assetcatalog; path = Assets.xcassets; sourceTree = "<group>"; };
		AB6DDDD72706203F00574713 /* Preview Assets.xcassets */ = {isa = PBXFileReference; lastKnownFileType = folder.assetcatalog; path = "Preview Assets.xcassets"; sourceTree = "<group>"; };
		AB6DDDD92706203F00574713 /* Persistence.swift */ = {isa = PBXFileReference; lastKnownFileType = sourcecode.swift; path = Persistence.swift; sourceTree = "<group>"; };
		AB6DDDDC2706203F00574713 /* SpotifySwiftUI.xcdatamodel */ = {isa = PBXFileReference; lastKnownFileType = wrapper.xcdatamodel; path = SpotifySwiftUI.xcdatamodel; sourceTree = "<group>"; };
		AB6DDDE22706203F00574713 /* SpotifySwiftUITests.xctest */ = {isa = PBXFileReference; explicitFileType = wrapper.cfbundle; includeInIndex = 0; path = SpotifySwiftUITests.xctest; sourceTree = BUILT_PRODUCTS_DIR; };
		AB6DDDE62706203F00574713 /* SpotifySwiftUITests.swift */ = {isa = PBXFileReference; lastKnownFileType = sourcecode.swift; path = SpotifySwiftUITests.swift; sourceTree = "<group>"; };
		AB6DDDEC2706203F00574713 /* SpotifySwiftUIUITests.xctest */ = {isa = PBXFileReference; explicitFileType = wrapper.cfbundle; includeInIndex = 0; path = SpotifySwiftUIUITests.xctest; sourceTree = BUILT_PRODUCTS_DIR; };
		AB6DDDF02706203F00574713 /* SpotifySwiftUIUITests.swift */ = {isa = PBXFileReference; lastKnownFileType = sourcecode.swift; path = SpotifySwiftUIUITests.swift; sourceTree = "<group>"; };
		AB6DDDF22706203F00574713 /* SpotifySwiftUIUITestsLaunchTests.swift */ = {isa = PBXFileReference; lastKnownFileType = sourcecode.swift; path = SpotifySwiftUIUITestsLaunchTests.swift; sourceTree = "<group>"; };
		ABE8B4572771DFF5004C9CA8 /* AlbumDetails.json */ = {isa = PBXFileReference; lastKnownFileType = text.json; path = AlbumDetails.json; sourceTree = "<group>"; };
		ABE8B45A2771E0CA004C9CA8 /* AlbumDetailsSUI.swift */ = {isa = PBXFileReference; lastKnownFileType = sourcecode.swift; path = AlbumDetailsSUI.swift; sourceTree = "<group>"; };
		ABE8B45C2771E39F004C9CA8 /* AlbumDetailsResponse.swift */ = {isa = PBXFileReference; lastKnownFileType = sourcecode.swift; path = AlbumDetailsResponse.swift; sourceTree = "<group>"; };
		ABE8B45F2771EA0A004C9CA8 /* PlaylistsDetailsResponse.swift */ = {isa = PBXFileReference; lastKnownFileType = sourcecode.swift; path = PlaylistsDetailsResponse.swift; sourceTree = "<group>"; };
		ABE8B4612771EA4B004C9CA8 /* PlaylistsDetailsResponse.json */ = {isa = PBXFileReference; lastKnownFileType = text.json; path = PlaylistsDetailsResponse.json; sourceTree = "<group>"; };
		ABE8B4632771EA88004C9CA8 /* PlaylistsDetailsSUI.swift */ = {isa = PBXFileReference; lastKnownFileType = sourcecode.swift; path = PlaylistsDetailsSUI.swift; sourceTree = "<group>"; };
		ABE8B46527720EB6004C9CA8 /* ObservablePlaylistDetailsModel.swift */ = {isa = PBXFileReference; lastKnownFileType = sourcecode.swift; path = ObservablePlaylistDetailsModel.swift; sourceTree = "<group>"; };
		ABE8B46727720ED3004C9CA8 /* ObservableAlbumDetailsModel.swift */ = {isa = PBXFileReference; lastKnownFileType = sourcecode.swift; path = ObservableAlbumDetailsModel.swift; sourceTree = "<group>"; };
		ABE8B46B27721959004C9CA8 /* ImageTitleDescriptionView.swift */ = {isa = PBXFileReference; lastKnownFileType = sourcecode.swift; path = ImageTitleDescriptionView.swift; sourceTree = "<group>"; };
		ABE8B4742772F887004C9CA8 /* PlaylistHeaderView.swift */ = {isa = PBXFileReference; lastKnownFileType = sourcecode.swift; path = PlaylistHeaderView.swift; sourceTree = "<group>"; };
		ABE8B47627733F61004C9CA8 /* ActivityView.swift */ = {isa = PBXFileReference; lastKnownFileType = sourcecode.swift; path = ActivityView.swift; sourceTree = "<group>"; };
		ABE8B478277375BE004C9CA8 /* DateFormatter.swift */ = {isa = PBXFileReference; lastKnownFileType = sourcecode.swift; name = DateFormatter.swift; path = SpotifySwiftUI/Helper/Extensions/DateFormatter.swift; sourceTree = SOURCE_ROOT; };
		ABE8B47B2773762C004C9CA8 /* StringExtension.swift */ = {isa = PBXFileReference; lastKnownFileType = sourcecode.swift; path = StringExtension.swift; sourceTree = "<group>"; };
/* End PBXFileReference section */

/* Begin PBXFrameworksBuildPhase section */
		AB6DDDCA2706203E00574713 /* Frameworks */ = {
			isa = PBXFrameworksBuildPhase;
			buildActionMask = 2147483647;
			files = (
				AB27364E273841B60040981A /* QGrid in Frameworks */,
				AB273649273840E70040981A /* FirebaseAnalytics in Frameworks */,
				AB27364B273840E70040981A /* FirebaseAuth in Frameworks */,
				AB27364627383DAD0040981A /* SDWebImageSwiftUI in Frameworks */,
			);
			runOnlyForDeploymentPostprocessing = 0;
		};
		AB6DDDDF2706203F00574713 /* Frameworks */ = {
			isa = PBXFrameworksBuildPhase;
			buildActionMask = 2147483647;
			files = (
			);
			runOnlyForDeploymentPostprocessing = 0;
		};
		AB6DDDE92706203F00574713 /* Frameworks */ = {
			isa = PBXFrameworksBuildPhase;
			buildActionMask = 2147483647;
			files = (
			);
			runOnlyForDeploymentPostprocessing = 0;
		};
/* End PBXFrameworksBuildPhase section */

/* Begin PBXGroup section */
		AB2735B52709FD6D0040981A /* Helper */ = {
			isa = PBXGroup;
			children = (
				ABE8B47A27737619004C9CA8 /* Extensions */,
				AB688C32276FB0C40090D535 /* Constants */,
				AB2736412738386B0040981A /* Views */,
				AB2735B8270E15270040981A /* WebView */,
				AB2735C0272DB6530040981A /* GlobalVariables.swift */,
				AB688C432771A4E50090D535 /* DefaultValues.swift */,
			);
			path = Helper;
			sourceTree = "<group>";
		};
		AB2735B8270E15270040981A /* WebView */ = {
			isa = PBXGroup;
			children = (
				AB2735B62709FD890040981A /* WebViewSUI.swift */,
				AB2735B9270E153A0040981A /* WebViewModel.swift */,
				AB2735BB270E15580040981A /* WebViewContainer.swift */,
			);
			path = WebView;
			sourceTree = "<group>";
		};
		AB27363E2737E7110040981A /* SwiftUIView */ = {
			isa = PBXGroup;
			children = (
				AB3A747E2706330300734F21 /* SettingViewSUI.swift */,
				AB3A74802706331700734F21 /* ProfileViewSUI.swift */,
				AB3A74822706332900734F21 /* PlayerViewSUI.swift */,
				AB3A74842706335C00734F21 /* SearchResultSUI.swift */,
				AB688C4127719E6B0090D535 /* SectionHeaderWithButtonView.swift */,
				ABE8B46B27721959004C9CA8 /* ImageTitleDescriptionView.swift */,
			);
			path = SwiftUIView;
			sourceTree = "<group>";
		};
		AB2736412738386B0040981A /* Views */ = {
			isa = PBXGroup;
			children = (
				AB273642273838760040981A /* ActivityIndicator.swift */,
				AB688C522771C0D30090D535 /* CustomText.swift */,
				ABE8B47627733F61004C9CA8 /* ActivityView.swift */,
			);
			path = Views;
			sourceTree = "<group>";
		};
		AB3A74692706251C00734F21 /* Resources */ = {
			isa = PBXGroup;
			children = (
				AB688C10276E5E920090D535 /* MockData */,
				AB6DDDD42706203F00574713 /* Assets.xcassets */,
				AB6DDDD92706203F00574713 /* Persistence.swift */,
				AB6DDDDB2706203F00574713 /* SpotifySwiftUI.xcdatamodeld */,
				AB6DDDD62706203F00574713 /* Preview Content */,
			);
			path = Resources;
			sourceTree = "<group>";
		};
		AB3A746A2706284D00734F21 /* Views */ = {
			isa = PBXGroup;
			children = (
				AB3A746E270631BB00734F21 /* TabBar */,
				AB688C2B276FAF3A0090D535 /* BrowseViews */,
				AB27363E2737E7110040981A /* SwiftUIView */,
				AB3A74782706327200734F21 /* LogIn */,
				AB3A748E2709E2A700734F21 /* BaseViewSUI.swift */,
			);
			path = Views;
			sourceTree = "<group>";
		};
		AB3A746B2706285800734F21 /* Models */ = {
			isa = PBXGroup;
			children = (
				AB3A7486270879F800734F21 /* Playlist.swift */,
				AB3A748827087A0B00734F21 /* AudioTrack.swift */,
				AB3A748A27087A1F00734F21 /* Artist.swift */,
				AB3A748C27087A6500734F21 /* UserProfile.swift */,
				AB2735BE272D845C0040981A /* AuthResponse.swift */,
				AB27363F2737E7DF0040981A /* SettingModel.swift */,
				AB688C12276F32C30090D535 /* NewReleaseResponseModel.swift */,
				AB688C14276F33640090D535 /* APIImageModel.swift */,
				AB688C1B276F6AF40090D535 /* FeaturedPlaylistModel.swift */,
				AB688C23276F9B880090D535 /* RecommendationsGenresModel.swift */,
				AB688C27276FA3F80090D535 /* RecommendationsModel.swift */,
				ABE8B45C2771E39F004C9CA8 /* AlbumDetailsResponse.swift */,
				ABE8B45F2771EA0A004C9CA8 /* PlaylistsDetailsResponse.swift */,
			);
			path = Models;
			sourceTree = "<group>";
		};
		AB3A746D270628E100734F21 /* InitialSetup */ = {
			isa = PBXGroup;
			children = (
				AB6DDDD02706203E00574713 /* SpotifySwiftUIApp.swift */,
				AB6DDDD22706203E00574713 /* ContentView.swift */,
			);
			path = InitialSetup;
			sourceTree = "<group>";
		};
		AB3A746E270631BB00734F21 /* TabBar */ = {
			isa = PBXGroup;
			children = (
				AB3A746F270631D700734F21 /* TabBarViewSUI.swift */,
				AB3A74712706320D00734F21 /* HomeViewSUI.swift */,
				AB3A74732706322300734F21 /* SearchViewSUI.swift */,
				AB3A74752706324800734F21 /* LibraryViewSUI.swift */,
			);
			path = TabBar;
			sourceTree = "<group>";
		};
		AB3A74772706325700734F21 /* Managers */ = {
			isa = PBXGroup;
			children = (
				AB3A74902709EBF500734F21 /* AuthManager.swift */,
				AB3A74922709EC0800734F21 /* NetworkManager.swift */,
				AB2735C22730588A0040981A /* APICaller.swift */,
				AB688C16276F52D90090D535 /* MockAPIManager.swift */,
				AB688C1D276F6DD70090D535 /* BrowsAPIs.swift */,
				AB688C3D2770A70E0090D535 /* SDWebImageManager.swift */,
			);
			path = Managers;
			sourceTree = "<group>";
		};
		AB3A74782706327200734F21 /* LogIn */ = {
			isa = PBXGroup;
			children = (
				AB3A74792706327E00734F21 /* AuthViewSUI.swift */,
				AB3A747B2706329600734F21 /* WelcomeViewSUI.swift */,
			);
			path = LogIn;
			sourceTree = "<group>";
		};
		AB688C10276E5E920090D535 /* MockData */ = {
			isa = PBXGroup;
			children = (
				AB688C19276F6A1B0090D535 /* FeaturedPlaylist.json */,
				AB688C21276F9B390090D535 /* RecommendationsGenresResponse.json */,
				AB688C25276FA09A0090D535 /* RecommendationsResponse.json */,
				AB688C29276FAA4F0090D535 /* NewReleaseResponse.json */,
				ABE8B4572771DFF5004C9CA8 /* AlbumDetails.json */,
				ABE8B4612771EA4B004C9CA8 /* PlaylistsDetailsResponse.json */,
			);
			path = MockData;
			sourceTree = "<group>";
		};
		AB688C2B276FAF3A0090D535 /* BrowseViews */ = {
			isa = PBXGroup;
			children = (
				ABE8B45E2771E9A1004C9CA8 /* PlaylistDetails */,
				ABE8B4592771E0BA004C9CA8 /* AlbumDetails */,
				AB688C472771A8090090D535 /* NewReleases */,
				AB688C482771A81B0090D535 /* FeaturedPlaylist */,
				AB688C492771A8350090D535 /* Recommendations */,
			);
			path = BrowseViews;
			sourceTree = "<group>";
		};
		AB688C32276FB0C40090D535 /* Constants */ = {
			isa = PBXGroup;
			children = (
				AB688C33276FB0CF0090D535 /* StringConstants.swift */,
			);
			path = Constants;
			sourceTree = "<group>";
		};
		AB688C35277047940090D535 /* ObservableModels */ = {
			isa = PBXGroup;
			children = (
				AB688C36277047BD0090D535 /* ObservableNewReleaseModel.swift */,
				AB688C3827709B850090D535 /* ObservableFeaturedPlaylistModel.swift */,
				AB688C3A27709EDB0090D535 /* ObservableRecommendationsTracks.swift */,
				ABE8B46527720EB6004C9CA8 /* ObservablePlaylistDetailsModel.swift */,
				ABE8B46727720ED3004C9CA8 /* ObservableAlbumDetailsModel.swift */,
			);
			path = ObservableModels;
			sourceTree = "<group>";
		};
		AB688C472771A8090090D535 /* NewReleases */ = {
			isa = PBXGroup;
			children = (
				AB688C2C276FB0390090D535 /* NewReleasesSUI.swift */,
				AB688C3F2770AC5B0090D535 /* NewReleaseAlbumInfoView.swift */,
				AB688C452771A64A0090D535 /* NewReleasesViewAllSUI.swift */,
			);
			path = NewReleases;
			sourceTree = "<group>";
		};
		AB688C482771A81B0090D535 /* FeaturedPlaylist */ = {
			isa = PBXGroup;
			children = (
				AB688C2E276FB0490090D535 /* FeaturedPlaylistSUI.swift */,
				AB688C4A2771AE910090D535 /* FeaturedPlayListInfoView.swift */,
				AB688C4C2771AEA30090D535 /* FeaturedPlayListViewAllSUI.swift */,
			);
			path = FeaturedPlaylist;
			sourceTree = "<group>";
		};
		AB688C492771A8350090D535 /* Recommendations */ = {
			isa = PBXGroup;
			children = (
				AB688C30276FB0540090D535 /* RecommendationsTracksSUI.swift */,
				AB688C502771B27A0090D535 /* RecommendationsTracksInfoView.swift */,
				AB688C4E2771B2720090D535 /* RecommendationsTracksViewAllSUI.swift */,
			);
			path = Recommendations;
			sourceTree = "<group>";
		};
		AB6DDDC42706203E00574713 = {
			isa = PBXGroup;
			children = (
				AB6DDDCF2706203E00574713 /* SpotifySwiftUI */,
				AB6DDDE52706203F00574713 /* SpotifySwiftUITests */,
				AB6DDDEF2706203F00574713 /* SpotifySwiftUIUITests */,
				AB6DDDCE2706203E00574713 /* Products */,
			);
			sourceTree = "<group>";
		};
		AB6DDDCE2706203E00574713 /* Products */ = {
			isa = PBXGroup;
			children = (
				AB6DDDCD2706203E00574713 /* SpotifySwiftUI.app */,
				AB6DDDE22706203F00574713 /* SpotifySwiftUITests.xctest */,
				AB6DDDEC2706203F00574713 /* SpotifySwiftUIUITests.xctest */,
			);
			name = Products;
			sourceTree = "<group>";
		};
		AB6DDDCF2706203E00574713 /* SpotifySwiftUI */ = {
			isa = PBXGroup;
			children = (
				AB3A746D270628E100734F21 /* InitialSetup */,
				AB3A74772706325700734F21 /* Managers */,
				AB3A746A2706284D00734F21 /* Views */,
				AB3A746B2706285800734F21 /* Models */,
				AB688C35277047940090D535 /* ObservableModels */,
				AB2735B52709FD6D0040981A /* Helper */,
				AB3A74692706251C00734F21 /* Resources */,
			);
			path = SpotifySwiftUI;
			sourceTree = "<group>";
		};
		AB6DDDD62706203F00574713 /* Preview Content */ = {
			isa = PBXGroup;
			children = (
				AB6DDDD72706203F00574713 /* Preview Assets.xcassets */,
			);
			path = "Preview Content";
			sourceTree = "<group>";
		};
		AB6DDDE52706203F00574713 /* SpotifySwiftUITests */ = {
			isa = PBXGroup;
			children = (
				AB6DDDE62706203F00574713 /* SpotifySwiftUITests.swift */,
			);
			path = SpotifySwiftUITests;
			sourceTree = "<group>";
		};
		AB6DDDEF2706203F00574713 /* SpotifySwiftUIUITests */ = {
			isa = PBXGroup;
			children = (
				AB6DDDF02706203F00574713 /* SpotifySwiftUIUITests.swift */,
				AB6DDDF22706203F00574713 /* SpotifySwiftUIUITestsLaunchTests.swift */,
			);
			path = SpotifySwiftUIUITests;
			sourceTree = "<group>";
		};
		ABE8B4592771E0BA004C9CA8 /* AlbumDetails */ = {
			isa = PBXGroup;
			children = (
				ABE8B45A2771E0CA004C9CA8 /* AlbumDetailsSUI.swift */,
			);
			path = AlbumDetails;
			sourceTree = "<group>";
		};
		ABE8B45E2771E9A1004C9CA8 /* PlaylistDetails */ = {
			isa = PBXGroup;
			children = (
				ABE8B4632771EA88004C9CA8 /* PlaylistsDetailsSUI.swift */,
				ABE8B4742772F887004C9CA8 /* PlaylistHeaderView.swift */,
			);
			path = PlaylistDetails;
			sourceTree = "<group>";
		};
		ABE8B47A27737619004C9CA8 /* Extensions */ = {
			isa = PBXGroup;
			children = (
				ABE8B478277375BE004C9CA8 /* DateFormatter.swift */,
				ABE8B47B2773762C004C9CA8 /* StringExtension.swift */,
			);
			path = Extensions;
			sourceTree = "<group>";
		};
/* End PBXGroup section */

/* Begin PBXNativeTarget section */
		AB6DDDCC2706203E00574713 /* SpotifySwiftUI */ = {
			isa = PBXNativeTarget;
			buildConfigurationList = AB6DDDF62706203F00574713 /* Build configuration list for PBXNativeTarget "SpotifySwiftUI" */;
			buildPhases = (
				AB6DDDC92706203E00574713 /* Sources */,
				AB6DDDCA2706203E00574713 /* Frameworks */,
				AB6DDDCB2706203E00574713 /* Resources */,
			);
			buildRules = (
			);
			dependencies = (
			);
			name = SpotifySwiftUI;
			packageProductDependencies = (
				AB27364527383DAD0040981A /* SDWebImageSwiftUI */,
				AB273648273840E70040981A /* FirebaseAnalytics */,
				AB27364A273840E70040981A /* FirebaseAuth */,
				AB27364D273841B60040981A /* QGrid */,
			);
			productName = SpotifySwiftUI;
			productReference = AB6DDDCD2706203E00574713 /* SpotifySwiftUI.app */;
			productType = "com.apple.product-type.application";
		};
		AB6DDDE12706203F00574713 /* SpotifySwiftUITests */ = {
			isa = PBXNativeTarget;
			buildConfigurationList = AB6DDDF92706203F00574713 /* Build configuration list for PBXNativeTarget "SpotifySwiftUITests" */;
			buildPhases = (
				AB6DDDDE2706203F00574713 /* Sources */,
				AB6DDDDF2706203F00574713 /* Frameworks */,
				AB6DDDE02706203F00574713 /* Resources */,
			);
			buildRules = (
			);
			dependencies = (
				AB6DDDE42706203F00574713 /* PBXTargetDependency */,
			);
			name = SpotifySwiftUITests;
			productName = SpotifySwiftUITests;
			productReference = AB6DDDE22706203F00574713 /* SpotifySwiftUITests.xctest */;
			productType = "com.apple.product-type.bundle.unit-test";
		};
		AB6DDDEB2706203F00574713 /* SpotifySwiftUIUITests */ = {
			isa = PBXNativeTarget;
			buildConfigurationList = AB6DDDFC2706203F00574713 /* Build configuration list for PBXNativeTarget "SpotifySwiftUIUITests" */;
			buildPhases = (
				AB6DDDE82706203F00574713 /* Sources */,
				AB6DDDE92706203F00574713 /* Frameworks */,
				AB6DDDEA2706203F00574713 /* Resources */,
			);
			buildRules = (
			);
			dependencies = (
				AB6DDDEE2706203F00574713 /* PBXTargetDependency */,
			);
			name = SpotifySwiftUIUITests;
			productName = SpotifySwiftUIUITests;
			productReference = AB6DDDEC2706203F00574713 /* SpotifySwiftUIUITests.xctest */;
			productType = "com.apple.product-type.bundle.ui-testing";
		};
/* End PBXNativeTarget section */

/* Begin PBXProject section */
		AB6DDDC52706203E00574713 /* Project object */ = {
			isa = PBXProject;
			attributes = {
				BuildIndependentTargetsInParallel = 1;
				LastSwiftUpdateCheck = 1300;
				LastUpgradeCheck = 1300;
				TargetAttributes = {
					AB6DDDCC2706203E00574713 = {
						CreatedOnToolsVersion = 13.0;
					};
					AB6DDDE12706203F00574713 = {
						CreatedOnToolsVersion = 13.0;
						TestTargetID = AB6DDDCC2706203E00574713;
					};
					AB6DDDEB2706203F00574713 = {
						CreatedOnToolsVersion = 13.0;
						TestTargetID = AB6DDDCC2706203E00574713;
					};
				};
			};
			buildConfigurationList = AB6DDDC82706203E00574713 /* Build configuration list for PBXProject "SpotifySwiftUI" */;
			compatibilityVersion = "Xcode 13.0";
			developmentRegion = en;
			hasScannedForEncodings = 0;
			knownRegions = (
				en,
				Base,
			);
			mainGroup = AB6DDDC42706203E00574713;
			packageReferences = (
				AB27364427383DAD0040981A /* XCRemoteSwiftPackageReference "SDWebImageSwiftUI" */,
				AB273647273840E70040981A /* XCRemoteSwiftPackageReference "firebase-ios-sdk" */,
				AB27364C273841B60040981A /* XCRemoteSwiftPackageReference "QGrid" */,
			);
			productRefGroup = AB6DDDCE2706203E00574713 /* Products */;
			projectDirPath = "";
			projectRoot = "";
			targets = (
				AB6DDDCC2706203E00574713 /* SpotifySwiftUI */,
				AB6DDDE12706203F00574713 /* SpotifySwiftUITests */,
				AB6DDDEB2706203F00574713 /* SpotifySwiftUIUITests */,
			);
		};
/* End PBXProject section */

/* Begin PBXResourcesBuildPhase section */
		AB6DDDCB2706203E00574713 /* Resources */ = {
			isa = PBXResourcesBuildPhase;
			buildActionMask = 2147483647;
			files = (
				AB6DDDD82706203F00574713 /* Preview Assets.xcassets in Resources */,
				AB688C26276FA09A0090D535 /* RecommendationsResponse.json in Resources */,
				AB6DDDD52706203F00574713 /* Assets.xcassets in Resources */,
				AB688C1A276F6A1B0090D535 /* FeaturedPlaylist.json in Resources */,
				AB688C22276F9B390090D535 /* RecommendationsGenresResponse.json in Resources */,
				ABE8B4582771DFF5004C9CA8 /* AlbumDetails.json in Resources */,
				AB688C2A276FAA4F0090D535 /* NewReleaseResponse.json in Resources */,
				ABE8B4622771EA4B004C9CA8 /* PlaylistsDetailsResponse.json in Resources */,
			);
			runOnlyForDeploymentPostprocessing = 0;
		};
		AB6DDDE02706203F00574713 /* Resources */ = {
			isa = PBXResourcesBuildPhase;
			buildActionMask = 2147483647;
			files = (
			);
			runOnlyForDeploymentPostprocessing = 0;
		};
		AB6DDDEA2706203F00574713 /* Resources */ = {
			isa = PBXResourcesBuildPhase;
			buildActionMask = 2147483647;
			files = (
			);
			runOnlyForDeploymentPostprocessing = 0;
		};
/* End PBXResourcesBuildPhase section */

/* Begin PBXSourcesBuildPhase section */
		AB6DDDC92706203E00574713 /* Sources */ = {
			isa = PBXSourcesBuildPhase;
			buildActionMask = 2147483647;
			files = (
				ABE8B45B2771E0CA004C9CA8 /* AlbumDetailsSUI.swift in Sources */,
				AB688C4B2771AE910090D535 /* FeaturedPlayListInfoView.swift in Sources */,
				AB3A74762706324800734F21 /* LibraryViewSUI.swift in Sources */,
				AB3A74742706322300734F21 /* SearchViewSUI.swift in Sources */,
				AB688C4F2771B2720090D535 /* RecommendationsTracksViewAllSUI.swift in Sources */,
				AB3A748927087A0B00734F21 /* AudioTrack.swift in Sources */,
				AB2735BF272D845C0040981A /* AuthResponse.swift in Sources */,
				AB2735C1272DB6530040981A /* GlobalVariables.swift in Sources */,
				AB3A74932709EC0800734F21 /* NetworkManager.swift in Sources */,
				AB3A74852706335C00734F21 /* SearchResultSUI.swift in Sources */,
				AB688C512771B27A0090D535 /* RecommendationsTracksInfoView.swift in Sources */,
				AB6DDDDD2706203F00574713 /* SpotifySwiftUI.xcdatamodeld in Sources */,
				AB3A747A2706327E00734F21 /* AuthViewSUI.swift in Sources */,
				AB688C31276FB0540090D535 /* RecommendationsTracksSUI.swift in Sources */,
				AB688C28276FA3F80090D535 /* RecommendationsModel.swift in Sources */,
				ABE8B4602771EA0A004C9CA8 /* PlaylistsDetailsResponse.swift in Sources */,
				AB3A74832706332900734F21 /* PlayerViewSUI.swift in Sources */,
				AB688C24276F9B880090D535 /* RecommendationsGenresModel.swift in Sources */,
				AB688C2D276FB0390090D535 /* NewReleasesSUI.swift in Sources */,
				AB6DDDDA2706203F00574713 /* Persistence.swift in Sources */,
				AB688C532771C0D30090D535 /* CustomText.swift in Sources */,
				ABE8B4752772F887004C9CA8 /* PlaylistHeaderView.swift in Sources */,
				AB688C402770AC5B0090D535 /* NewReleaseAlbumInfoView.swift in Sources */,
				AB2735B72709FD890040981A /* WebViewSUI.swift in Sources */,
				AB2736402737E7DF0040981A /* SettingModel.swift in Sources */,
				AB688C3E2770A70E0090D535 /* SDWebImageManager.swift in Sources */,
				AB688C13276F32C30090D535 /* NewReleaseResponseModel.swift in Sources */,
				AB688C1C276F6AF40090D535 /* FeaturedPlaylistModel.swift in Sources */,
				AB688C17276F52D90090D535 /* MockAPIManager.swift in Sources */,
				AB3A748D27087A6500734F21 /* UserProfile.swift in Sources */,
				AB3A74912709EBF500734F21 /* AuthManager.swift in Sources */,
				AB6DDDD32706203E00574713 /* ContentView.swift in Sources */,
				ABE8B46627720EB6004C9CA8 /* ObservablePlaylistDetailsModel.swift in Sources */,
				AB688C462771A64A0090D535 /* NewReleasesViewAllSUI.swift in Sources */,
				AB688C3B27709EDB0090D535 /* ObservableRecommendationsTracks.swift in Sources */,
				ABE8B46C27721959004C9CA8 /* ImageTitleDescriptionView.swift in Sources */,
				ABE8B47C2773762C004C9CA8 /* StringExtension.swift in Sources */,
				AB2735BC270E15580040981A /* WebViewContainer.swift in Sources */,
				AB6DDDD12706203E00574713 /* SpotifySwiftUIApp.swift in Sources */,
				AB3A747C2706329600734F21 /* WelcomeViewSUI.swift in Sources */,
				AB688C15276F33640090D535 /* APIImageModel.swift in Sources */,
				AB2735BA270E153A0040981A /* WebViewModel.swift in Sources */,
				AB688C34276FB0CF0090D535 /* StringConstants.swift in Sources */,
				ABE8B4642771EA88004C9CA8 /* PlaylistsDetailsSUI.swift in Sources */,
				AB3A74812706331700734F21 /* ProfileViewSUI.swift in Sources */,
				AB3A7470270631D700734F21 /* TabBarViewSUI.swift in Sources */,
				ABE8B479277375BF004C9CA8 /* DateFormatter.swift in Sources */,
				AB688C4D2771AEA30090D535 /* FeaturedPlayListViewAllSUI.swift in Sources */,
				ABE8B46827720ED3004C9CA8 /* ObservableAlbumDetailsModel.swift in Sources */,
				AB688C2F276FB0490090D535 /* FeaturedPlaylistSUI.swift in Sources */,
				AB688C442771A4E50090D535 /* DefaultValues.swift in Sources */,
				AB688C3927709B850090D535 /* ObservableFeaturedPlaylistModel.swift in Sources */,
				AB3A747F2706330300734F21 /* SettingViewSUI.swift in Sources */,
				AB2735C32730588A0040981A /* APICaller.swift in Sources */,
				AB3A748F2709E2A700734F21 /* BaseViewSUI.swift in Sources */,
				ABE8B45D2771E39F004C9CA8 /* AlbumDetailsResponse.swift in Sources */,
				AB688C4227719E6B0090D535 /* SectionHeaderWithButtonView.swift in Sources */,
				AB3A748B27087A1F00734F21 /* Artist.swift in Sources */,
				AB273643273838760040981A /* ActivityIndicator.swift in Sources */,
				ABE8B47727733F61004C9CA8 /* ActivityView.swift in Sources */,
				AB688C37277047BD0090D535 /* ObservableNewReleaseModel.swift in Sources */,
				AB3A74722706320D00734F21 /* HomeViewSUI.swift in Sources */,
				AB688C1E276F6DD70090D535 /* BrowsAPIs.swift in Sources */,
				AB3A7487270879F800734F21 /* Playlist.swift in Sources */,
			);
			runOnlyForDeploymentPostprocessing = 0;
		};
		AB6DDDDE2706203F00574713 /* Sources */ = {
			isa = PBXSourcesBuildPhase;
			buildActionMask = 2147483647;
			files = (
				AB6DDDE72706203F00574713 /* SpotifySwiftUITests.swift in Sources */,
			);
			runOnlyForDeploymentPostprocessing = 0;
		};
		AB6DDDE82706203F00574713 /* Sources */ = {
			isa = PBXSourcesBuildPhase;
			buildActionMask = 2147483647;
			files = (
				AB6DDDF12706203F00574713 /* SpotifySwiftUIUITests.swift in Sources */,
				AB6DDDF32706203F00574713 /* SpotifySwiftUIUITestsLaunchTests.swift in Sources */,
			);
			runOnlyForDeploymentPostprocessing = 0;
		};
/* End PBXSourcesBuildPhase section */

/* Begin PBXTargetDependency section */
		AB6DDDE42706203F00574713 /* PBXTargetDependency */ = {
			isa = PBXTargetDependency;
			target = AB6DDDCC2706203E00574713 /* SpotifySwiftUI */;
			targetProxy = AB6DDDE32706203F00574713 /* PBXContainerItemProxy */;
		};
		AB6DDDEE2706203F00574713 /* PBXTargetDependency */ = {
			isa = PBXTargetDependency;
			target = AB6DDDCC2706203E00574713 /* SpotifySwiftUI */;
			targetProxy = AB6DDDED2706203F00574713 /* PBXContainerItemProxy */;
		};
/* End PBXTargetDependency section */

/* Begin XCBuildConfiguration section */
		AB6DDDF42706203F00574713 /* Debug */ = {
			isa = XCBuildConfiguration;
			buildSettings = {
				ALWAYS_SEARCH_USER_PATHS = NO;
				CLANG_ANALYZER_NONNULL = YES;
				CLANG_ANALYZER_NUMBER_OBJECT_CONVERSION = YES_AGGRESSIVE;
				CLANG_CXX_LANGUAGE_STANDARD = "gnu++17";
				CLANG_CXX_LIBRARY = "libc++";
				CLANG_ENABLE_MODULES = YES;
				CLANG_ENABLE_OBJC_ARC = YES;
				CLANG_ENABLE_OBJC_WEAK = YES;
				CLANG_WARN_BLOCK_CAPTURE_AUTORELEASING = YES;
				CLANG_WARN_BOOL_CONVERSION = YES;
				CLANG_WARN_COMMA = YES;
				CLANG_WARN_CONSTANT_CONVERSION = YES;
				CLANG_WARN_DEPRECATED_OBJC_IMPLEMENTATIONS = YES;
				CLANG_WARN_DIRECT_OBJC_ISA_USAGE = YES_ERROR;
				CLANG_WARN_DOCUMENTATION_COMMENTS = YES;
				CLANG_WARN_EMPTY_BODY = YES;
				CLANG_WARN_ENUM_CONVERSION = YES;
				CLANG_WARN_INFINITE_RECURSION = YES;
				CLANG_WARN_INT_CONVERSION = YES;
				CLANG_WARN_NON_LITERAL_NULL_CONVERSION = YES;
				CLANG_WARN_OBJC_IMPLICIT_RETAIN_SELF = YES;
				CLANG_WARN_OBJC_LITERAL_CONVERSION = YES;
				CLANG_WARN_OBJC_ROOT_CLASS = YES_ERROR;
				CLANG_WARN_QUOTED_INCLUDE_IN_FRAMEWORK_HEADER = YES;
				CLANG_WARN_RANGE_LOOP_ANALYSIS = YES;
				CLANG_WARN_STRICT_PROTOTYPES = YES;
				CLANG_WARN_SUSPICIOUS_MOVE = YES;
				CLANG_WARN_UNGUARDED_AVAILABILITY = YES_AGGRESSIVE;
				CLANG_WARN_UNREACHABLE_CODE = YES;
				CLANG_WARN__DUPLICATE_METHOD_MATCH = YES;
				COPY_PHASE_STRIP = NO;
				DEBUG_INFORMATION_FORMAT = dwarf;
				ENABLE_STRICT_OBJC_MSGSEND = YES;
				ENABLE_TESTABILITY = YES;
				GCC_C_LANGUAGE_STANDARD = gnu11;
				GCC_DYNAMIC_NO_PIC = NO;
				GCC_NO_COMMON_BLOCKS = YES;
				GCC_OPTIMIZATION_LEVEL = 0;
				GCC_PREPROCESSOR_DEFINITIONS = (
					"DEBUG=1",
					"$(inherited)",
				);
				GCC_WARN_64_TO_32_BIT_CONVERSION = YES;
				GCC_WARN_ABOUT_RETURN_TYPE = YES_ERROR;
				GCC_WARN_UNDECLARED_SELECTOR = YES;
				GCC_WARN_UNINITIALIZED_AUTOS = YES_AGGRESSIVE;
				GCC_WARN_UNUSED_FUNCTION = YES;
				GCC_WARN_UNUSED_VARIABLE = YES;
				IPHONEOS_DEPLOYMENT_TARGET = 15.0;
				MTL_ENABLE_DEBUG_INFO = INCLUDE_SOURCE;
				MTL_FAST_MATH = YES;
				ONLY_ACTIVE_ARCH = YES;
				SDKROOT = iphoneos;
				SWIFT_ACTIVE_COMPILATION_CONDITIONS = DEBUG;
				SWIFT_OPTIMIZATION_LEVEL = "-Onone";
			};
			name = Debug;
		};
		AB6DDDF52706203F00574713 /* Release */ = {
			isa = XCBuildConfiguration;
			buildSettings = {
				ALWAYS_SEARCH_USER_PATHS = NO;
				CLANG_ANALYZER_NONNULL = YES;
				CLANG_ANALYZER_NUMBER_OBJECT_CONVERSION = YES_AGGRESSIVE;
				CLANG_CXX_LANGUAGE_STANDARD = "gnu++17";
				CLANG_CXX_LIBRARY = "libc++";
				CLANG_ENABLE_MODULES = YES;
				CLANG_ENABLE_OBJC_ARC = YES;
				CLANG_ENABLE_OBJC_WEAK = YES;
				CLANG_WARN_BLOCK_CAPTURE_AUTORELEASING = YES;
				CLANG_WARN_BOOL_CONVERSION = YES;
				CLANG_WARN_COMMA = YES;
				CLANG_WARN_CONSTANT_CONVERSION = YES;
				CLANG_WARN_DEPRECATED_OBJC_IMPLEMENTATIONS = YES;
				CLANG_WARN_DIRECT_OBJC_ISA_USAGE = YES_ERROR;
				CLANG_WARN_DOCUMENTATION_COMMENTS = YES;
				CLANG_WARN_EMPTY_BODY = YES;
				CLANG_WARN_ENUM_CONVERSION = YES;
				CLANG_WARN_INFINITE_RECURSION = YES;
				CLANG_WARN_INT_CONVERSION = YES;
				CLANG_WARN_NON_LITERAL_NULL_CONVERSION = YES;
				CLANG_WARN_OBJC_IMPLICIT_RETAIN_SELF = YES;
				CLANG_WARN_OBJC_LITERAL_CONVERSION = YES;
				CLANG_WARN_OBJC_ROOT_CLASS = YES_ERROR;
				CLANG_WARN_QUOTED_INCLUDE_IN_FRAMEWORK_HEADER = YES;
				CLANG_WARN_RANGE_LOOP_ANALYSIS = YES;
				CLANG_WARN_STRICT_PROTOTYPES = YES;
				CLANG_WARN_SUSPICIOUS_MOVE = YES;
				CLANG_WARN_UNGUARDED_AVAILABILITY = YES_AGGRESSIVE;
				CLANG_WARN_UNREACHABLE_CODE = YES;
				CLANG_WARN__DUPLICATE_METHOD_MATCH = YES;
				COPY_PHASE_STRIP = NO;
				DEBUG_INFORMATION_FORMAT = "dwarf-with-dsym";
				ENABLE_NS_ASSERTIONS = NO;
				ENABLE_STRICT_OBJC_MSGSEND = YES;
				GCC_C_LANGUAGE_STANDARD = gnu11;
				GCC_NO_COMMON_BLOCKS = YES;
				GCC_WARN_64_TO_32_BIT_CONVERSION = YES;
				GCC_WARN_ABOUT_RETURN_TYPE = YES_ERROR;
				GCC_WARN_UNDECLARED_SELECTOR = YES;
				GCC_WARN_UNINITIALIZED_AUTOS = YES_AGGRESSIVE;
				GCC_WARN_UNUSED_FUNCTION = YES;
				GCC_WARN_UNUSED_VARIABLE = YES;
				IPHONEOS_DEPLOYMENT_TARGET = 15.0;
				MTL_ENABLE_DEBUG_INFO = NO;
				MTL_FAST_MATH = YES;
				SDKROOT = iphoneos;
				SWIFT_COMPILATION_MODE = wholemodule;
				SWIFT_OPTIMIZATION_LEVEL = "-O";
				VALIDATE_PRODUCT = YES;
			};
			name = Release;
		};
		AB6DDDF72706203F00574713 /* Debug */ = {
			isa = XCBuildConfiguration;
			buildSettings = {
				ASSETCATALOG_COMPILER_APPICON_NAME = AppIcon;
				ASSETCATALOG_COMPILER_GLOBAL_ACCENT_COLOR_NAME = AccentColor;
				CODE_SIGN_STYLE = Automatic;
				CURRENT_PROJECT_VERSION = 1;
				DEVELOPMENT_ASSET_PATHS = "\"SpotifySwiftUI/Resources/Preview Content\"";
				DEVELOPMENT_TEAM = B7N28739PP;
				ENABLE_PREVIEWS = YES;
				GENERATE_INFOPLIST_FILE = YES;
				INFOPLIST_FILE = SpotifySwiftUI/Info.plist;
				INFOPLIST_KEY_UIApplicationSceneManifest_Generation = YES;
				INFOPLIST_KEY_UIApplicationSupportsIndirectInputEvents = YES;
				INFOPLIST_KEY_UILaunchScreen_Generation = YES;
				INFOPLIST_KEY_UISupportedInterfaceOrientations_iPad = "UIInterfaceOrientationPortrait UIInterfaceOrientationPortraitUpsideDown UIInterfaceOrientationLandscapeLeft UIInterfaceOrientationLandscapeRight";
				INFOPLIST_KEY_UISupportedInterfaceOrientations_iPhone = "UIInterfaceOrientationPortrait UIInterfaceOrientationLandscapeLeft UIInterfaceOrientationLandscapeRight";
				IPHONEOS_DEPLOYMENT_TARGET = 14.0;
				LD_RUNPATH_SEARCH_PATHS = (
					"$(inherited)",
					"@executable_path/Frameworks",
				);
				MARKETING_VERSION = 1.0;
				PRODUCT_BUNDLE_IDENTIFIER = com.ajaygirolkar.SpotifySwiftUI;
				PRODUCT_NAME = "$(TARGET_NAME)";
				SWIFT_EMIT_LOC_STRINGS = YES;
				SWIFT_VERSION = 5.0;
				TARGETED_DEVICE_FAMILY = "1,2";
			};
			name = Debug;
		};
		AB6DDDF82706203F00574713 /* Release */ = {
			isa = XCBuildConfiguration;
			buildSettings = {
				ASSETCATALOG_COMPILER_APPICON_NAME = AppIcon;
				ASSETCATALOG_COMPILER_GLOBAL_ACCENT_COLOR_NAME = AccentColor;
				CODE_SIGN_STYLE = Automatic;
				CURRENT_PROJECT_VERSION = 1;
				DEVELOPMENT_ASSET_PATHS = "\"SpotifySwiftUI/Resources/Preview Content\"";
				DEVELOPMENT_TEAM = B7N28739PP;
				ENABLE_PREVIEWS = YES;
				GENERATE_INFOPLIST_FILE = YES;
				INFOPLIST_FILE = SpotifySwiftUI/Info.plist;
				INFOPLIST_KEY_UIApplicationSceneManifest_Generation = YES;
				INFOPLIST_KEY_UIApplicationSupportsIndirectInputEvents = YES;
				INFOPLIST_KEY_UILaunchScreen_Generation = YES;
				INFOPLIST_KEY_UISupportedInterfaceOrientations_iPad = "UIInterfaceOrientationPortrait UIInterfaceOrientationPortraitUpsideDown UIInterfaceOrientationLandscapeLeft UIInterfaceOrientationLandscapeRight";
				INFOPLIST_KEY_UISupportedInterfaceOrientations_iPhone = "UIInterfaceOrientationPortrait UIInterfaceOrientationLandscapeLeft UIInterfaceOrientationLandscapeRight";
				IPHONEOS_DEPLOYMENT_TARGET = 14.0;
				LD_RUNPATH_SEARCH_PATHS = (
					"$(inherited)",
					"@executable_path/Frameworks",
				);
				MARKETING_VERSION = 1.0;
				PRODUCT_BUNDLE_IDENTIFIER = com.ajaygirolkar.SpotifySwiftUI;
				PRODUCT_NAME = "$(TARGET_NAME)";
				SWIFT_EMIT_LOC_STRINGS = YES;
				SWIFT_VERSION = 5.0;
				TARGETED_DEVICE_FAMILY = "1,2";
			};
			name = Release;
		};
		AB6DDDFA2706203F00574713 /* Debug */ = {
			isa = XCBuildConfiguration;
			buildSettings = {
				ALWAYS_EMBED_SWIFT_STANDARD_LIBRARIES = YES;
				BUNDLE_LOADER = "$(TEST_HOST)";
				CODE_SIGN_STYLE = Automatic;
				CURRENT_PROJECT_VERSION = 1;
				DEVELOPMENT_TEAM = B7N28739PP;
				GENERATE_INFOPLIST_FILE = YES;
				IPHONEOS_DEPLOYMENT_TARGET = 14.0;
				LD_RUNPATH_SEARCH_PATHS = (
					"$(inherited)",
					"@executable_path/Frameworks",
					"@loader_path/Frameworks",
				);
				MARKETING_VERSION = 1.0;
				PRODUCT_BUNDLE_IDENTIFIER = ajaygirolkar.SpotifySwiftUITests;
				PRODUCT_NAME = "$(TARGET_NAME)";
				SWIFT_EMIT_LOC_STRINGS = NO;
				SWIFT_VERSION = 5.0;
				TARGETED_DEVICE_FAMILY = "1,2";
				TEST_HOST = "$(BUILT_PRODUCTS_DIR)/SpotifySwiftUI.app/SpotifySwiftUI";
			};
			name = Debug;
		};
		AB6DDDFB2706203F00574713 /* Release */ = {
			isa = XCBuildConfiguration;
			buildSettings = {
				ALWAYS_EMBED_SWIFT_STANDARD_LIBRARIES = YES;
				BUNDLE_LOADER = "$(TEST_HOST)";
				CODE_SIGN_STYLE = Automatic;
				CURRENT_PROJECT_VERSION = 1;
				DEVELOPMENT_TEAM = B7N28739PP;
				GENERATE_INFOPLIST_FILE = YES;
				IPHONEOS_DEPLOYMENT_TARGET = 14.0;
				LD_RUNPATH_SEARCH_PATHS = (
					"$(inherited)",
					"@executable_path/Frameworks",
					"@loader_path/Frameworks",
				);
				MARKETING_VERSION = 1.0;
				PRODUCT_BUNDLE_IDENTIFIER = ajaygirolkar.SpotifySwiftUITests;
				PRODUCT_NAME = "$(TARGET_NAME)";
				SWIFT_EMIT_LOC_STRINGS = NO;
				SWIFT_VERSION = 5.0;
				TARGETED_DEVICE_FAMILY = "1,2";
				TEST_HOST = "$(BUILT_PRODUCTS_DIR)/SpotifySwiftUI.app/SpotifySwiftUI";
			};
			name = Release;
		};
		AB6DDDFD2706203F00574713 /* Debug */ = {
			isa = XCBuildConfiguration;
			buildSettings = {
				ALWAYS_EMBED_SWIFT_STANDARD_LIBRARIES = YES;
				CODE_SIGN_STYLE = Automatic;
				CURRENT_PROJECT_VERSION = 1;
				DEVELOPMENT_TEAM = B7N28739PP;
				GENERATE_INFOPLIST_FILE = YES;
				LD_RUNPATH_SEARCH_PATHS = (
					"$(inherited)",
					"@executable_path/Frameworks",
					"@loader_path/Frameworks",
				);
				MARKETING_VERSION = 1.0;
				PRODUCT_BUNDLE_IDENTIFIER = ajaygirolkar.SpotifySwiftUIUITests;
				PRODUCT_NAME = "$(TARGET_NAME)";
				SWIFT_EMIT_LOC_STRINGS = NO;
				SWIFT_VERSION = 5.0;
				TARGETED_DEVICE_FAMILY = "1,2";
				TEST_TARGET_NAME = SpotifySwiftUI;
			};
			name = Debug;
		};
		AB6DDDFE2706203F00574713 /* Release */ = {
			isa = XCBuildConfiguration;
			buildSettings = {
				ALWAYS_EMBED_SWIFT_STANDARD_LIBRARIES = YES;
				CODE_SIGN_STYLE = Automatic;
				CURRENT_PROJECT_VERSION = 1;
				DEVELOPMENT_TEAM = B7N28739PP;
				GENERATE_INFOPLIST_FILE = YES;
				LD_RUNPATH_SEARCH_PATHS = (
					"$(inherited)",
					"@executable_path/Frameworks",
					"@loader_path/Frameworks",
				);
				MARKETING_VERSION = 1.0;
				PRODUCT_BUNDLE_IDENTIFIER = ajaygirolkar.SpotifySwiftUIUITests;
				PRODUCT_NAME = "$(TARGET_NAME)";
				SWIFT_EMIT_LOC_STRINGS = NO;
				SWIFT_VERSION = 5.0;
				TARGETED_DEVICE_FAMILY = "1,2";
				TEST_TARGET_NAME = SpotifySwiftUI;
			};
			name = Release;
		};
/* End XCBuildConfiguration section */

/* Begin XCConfigurationList section */
		AB6DDDC82706203E00574713 /* Build configuration list for PBXProject "SpotifySwiftUI" */ = {
			isa = XCConfigurationList;
			buildConfigurations = (
				AB6DDDF42706203F00574713 /* Debug */,
				AB6DDDF52706203F00574713 /* Release */,
			);
			defaultConfigurationIsVisible = 0;
			defaultConfigurationName = Release;
		};
		AB6DDDF62706203F00574713 /* Build configuration list for PBXNativeTarget "SpotifySwiftUI" */ = {
			isa = XCConfigurationList;
			buildConfigurations = (
				AB6DDDF72706203F00574713 /* Debug */,
				AB6DDDF82706203F00574713 /* Release */,
			);
			defaultConfigurationIsVisible = 0;
			defaultConfigurationName = Release;
		};
		AB6DDDF92706203F00574713 /* Build configuration list for PBXNativeTarget "SpotifySwiftUITests" */ = {
			isa = XCConfigurationList;
			buildConfigurations = (
				AB6DDDFA2706203F00574713 /* Debug */,
				AB6DDDFB2706203F00574713 /* Release */,
			);
			defaultConfigurationIsVisible = 0;
			defaultConfigurationName = Release;
		};
		AB6DDDFC2706203F00574713 /* Build configuration list for PBXNativeTarget "SpotifySwiftUIUITests" */ = {
			isa = XCConfigurationList;
			buildConfigurations = (
				AB6DDDFD2706203F00574713 /* Debug */,
				AB6DDDFE2706203F00574713 /* Release */,
			);
			defaultConfigurationIsVisible = 0;
			defaultConfigurationName = Release;
		};
/* End XCConfigurationList section */

/* Begin XCRemoteSwiftPackageReference section */
		AB27364427383DAD0040981A /* XCRemoteSwiftPackageReference "SDWebImageSwiftUI" */ = {
			isa = XCRemoteSwiftPackageReference;
			repositoryURL = "https://github.com/SDWebImage/SDWebImageSwiftUI.git";
			requirement = {
				kind = upToNextMajorVersion;
				minimumVersion = 2.0.0;
			};
		};
		AB273647273840E70040981A /* XCRemoteSwiftPackageReference "firebase-ios-sdk" */ = {
			isa = XCRemoteSwiftPackageReference;
			repositoryURL = "https://github.com/firebase/firebase-ios-sdk.git";
			requirement = {
				kind = upToNextMajorVersion;
				minimumVersion = 8.0.0;
			};
		};
		AB27364C273841B60040981A /* XCRemoteSwiftPackageReference "QGrid" */ = {
			isa = XCRemoteSwiftPackageReference;
			repositoryURL = "https://github.com/Q-Mobile/QGrid.git";
			requirement = {
				kind = upToNextMajorVersion;
				minimumVersion = 0.1.4;
			};
		};
/* End XCRemoteSwiftPackageReference section */

/* Begin XCSwiftPackageProductDependency section */
		AB27364527383DAD0040981A /* SDWebImageSwiftUI */ = {
			isa = XCSwiftPackageProductDependency;
			package = AB27364427383DAD0040981A /* XCRemoteSwiftPackageReference "SDWebImageSwiftUI" */;
			productName = SDWebImageSwiftUI;
		};
		AB273648273840E70040981A /* FirebaseAnalytics */ = {
			isa = XCSwiftPackageProductDependency;
			package = AB273647273840E70040981A /* XCRemoteSwiftPackageReference "firebase-ios-sdk" */;
			productName = FirebaseAnalytics;
		};
		AB27364A273840E70040981A /* FirebaseAuth */ = {
			isa = XCSwiftPackageProductDependency;
			package = AB273647273840E70040981A /* XCRemoteSwiftPackageReference "firebase-ios-sdk" */;
			productName = FirebaseAuth;
		};
		AB27364D273841B60040981A /* QGrid */ = {
			isa = XCSwiftPackageProductDependency;
			package = AB27364C273841B60040981A /* XCRemoteSwiftPackageReference "QGrid" */;
			productName = QGrid;
		};
/* End XCSwiftPackageProductDependency section */

/* Begin XCVersionGroup section */
		AB6DDDDB2706203F00574713 /* SpotifySwiftUI.xcdatamodeld */ = {
			isa = XCVersionGroup;
			children = (
				AB6DDDDC2706203F00574713 /* SpotifySwiftUI.xcdatamodel */,
			);
			currentVersion = AB6DDDDC2706203F00574713 /* SpotifySwiftUI.xcdatamodel */;
			path = SpotifySwiftUI.xcdatamodeld;
			sourceTree = "<group>";
			versionGroupType = wrapper.xcdatamodel;
		};
/* End XCVersionGroup section */
	};
	rootObject = AB6DDDC52706203E00574713 /* Project object */;
}
